{
  "name": "clawchat",
  "lockfileVersion": 3,
  "requires": true,
  "packages": {
    "": {
      "name": "clawchat",
      "workspaces": [
        "packages/*",
        "service",
        "plugin"
      ],
      "devDependencies": {
        "bun-types": "^1.3.10",
        "typescript": "^5.9.3"
      }
    },
    "../../github/openclaw": {
      "version": "2026.3.14",
      "license": "MIT",
      "peer": true,
      "dependencies": {
        "@agentclientprotocol/sdk": "0.16.1",
        "@aws-sdk/client-bedrock": "^3.1011.0",
        "@clack/prompts": "^1.1.0",
        "@homebridge/ciao": "^1.3.5",
        "@line/bot-sdk": "^10.6.0",
        "@lydell/node-pty": "1.2.0-beta.3",
        "@mariozechner/pi-agent-core": "0.60.0",
        "@mariozechner/pi-ai": "0.60.0",
        "@mariozechner/pi-coding-agent": "0.60.0",
        "@mariozechner/pi-tui": "0.60.0",
        "@modelcontextprotocol/sdk": "1.27.1",
        "@mozilla/readability": "^0.6.0",
        "@sinclair/typebox": "0.34.48",
        "ajv": "^8.18.0",
        "chalk": "^5.6.2",
        "chokidar": "^5.0.0",
        "cli-highlight": "^2.1.11",
        "commander": "^14.0.3",
        "croner": "^10.0.1",
        "dotenv": "^17.3.1",
        "express": "^5.2.1",
        "file-type": "21.3.3",
        "gaxios": "7.1.4",
        "hono": "4.12.8",
        "ipaddr.js": "^2.3.0",
        "jiti": "^2.6.1",
        "json5": "^2.2.3",
        "jszip": "^3.10.1",
        "linkedom": "^0.18.12",
        "long": "^5.3.2",
        "markdown-it": "^14.1.1",
        "node-edge-tts": "^1.2.10",
        "osc-progress": "^0.3.0",
        "pdfjs-dist": "^5.5.207",
        "playwright-core": "1.58.2",
        "qrcode-terminal": "^0.12.0",
        "sharp": "^0.34.5",
        "sqlite-vec": "0.1.7",
        "tar": "7.5.11",
        "tslog": "^4.10.2",
        "undici": "^7.24.4",
        "uuid": "^11.1.0",
        "ws": "^8.19.0",
        "yaml": "^2.8.2",
        "zod": "^4.3.6"
      },
      "bin": {
        "openclaw": "openclaw.mjs"
      },
      "devDependencies": {
        "@grammyjs/types": "^3.25.0",
        "@lit-labs/signals": "^0.2.0",
        "@lit/context": "^1.1.6",
        "@types/express": "^5.0.6",
        "@types/markdown-it": "^14.1.2",
        "@types/node": "^25.5.0",
        "@types/qrcode-terminal": "^0.12.2",
        "@types/ws": "^8.18.1",
        "@typescript/native-preview": "7.0.0-dev.20260317.1",
        "@vitest/coverage-v8": "^4.1.0",
        "jscpd": "4.0.8",
        "jsdom": "^29.0.0",
        "lit": "^3.3.2",
        "oxfmt": "0.41.0",
        "oxlint": "^1.56.0",
        "oxlint-tsgolint": "^0.17.0",
        "signal-utils": "0.21.1",
        "tsdown": "0.21.4",
        "tsx": "^4.21.0",
        "typescript": "^5.9.3",
        "vitest": "^4.1.0"
      },
      "engines": {
        "node": ">=22.16.0"
      },
      "peerDependencies": {
        "@napi-rs/canvas": "^0.1.89",
        "node-llama-cpp": "3.16.2"
      },
      "peerDependenciesMeta": {
        "node-llama-cpp": {
          "optional": true
        }
      }
    },
    "cli": {
      "name": "@clawchat/cli",
      "version": "0.1.0",
      "extraneous": true,
      "dependencies": {
        "@clawchat/protocol": "*"
      },
      "bin": {
        "clawchat": "src/index.ts"
      }
    },
    "node_modules/@claw-os/clawchat": {
      "resolved": "plugin",
      "link": true
    },
    "node_modules/@clawchat/protocol": {
      "resolved": "packages/protocol",
      "link": true
    },
    "node_modules/@clawchat/service": {
      "resolved": "service",
      "link": true
    },
    "node_modules/@types/node": {
      "version": "25.5.0",
      "resolved": "https://registry.npmjs.org/@types/node/-/node-25.5.0.tgz",
      "integrity": "sha512-jp2P3tQMSxWugkCUKLRPVUpGaL5MVFwF8RDuSRztfwgN1wmqJeMSbKlnEtQqU8UrhTmzEmZdu2I6v2dpp7XIxw==",
      "dev": true,
      "license": "MIT",
      "dependencies": {
        "undici-types": "~7.18.0"
      }
    },
    "node_modules/bun-types": {
      "version": "1.3.11",
      "resolved": "https://registry.npmjs.org/bun-types/-/bun-types-1.3.11.tgz",
      "integrity": "sha512-1KGPpoxQWl9f6wcZh57LvrPIInQMn2TQ7jsgxqpRzg+l0QPOFvJVH7HmvHo/AiPgwXy+/Thf6Ov3EdVn1vOabg==",
      "dev": true,
      "license": "MIT",
      "dependencies": {
        "@types/node": "*"
      }
    },
    "node_modules/hono": {
      "version": "4.12.8",
      "resolved": "https://registry.npmjs.org/hono/-/hono-4.12.8.tgz",
      "integrity": "sha512-VJCEvtrezO1IAR+kqEYnxUOoStaQPGrCmX3j4wDTNOcD1uRPFpGlwQUIW8niPuvHXaTUxeOUl5MMDGrl+tmO9A==",
      "license": "MIT",
      "engines": {
        "node": ">=16.9.0"
      }
    },
    "node_modules/qrcode-terminal": {
      "version": "0.12.0",
      "resolved": "https://registry.npmjs.org/qrcode-terminal/-/qrcode-terminal-0.12.0.tgz",
      "integrity": "sha512-EXtzRZmC+YGmGlDFbXKxQiMZNwCLEO6BANKXG4iCtSIM0yqc/pappSx3RIKr4r0uh5JsBckOXeKrB3Iz7mdQpQ==",
      "bin": {
        "qrcode-terminal": "bin/qrcode-terminal.js"
      }
    },
    "node_modules/typescript": {
      "version": "5.9.3",
      "resolved": "https://registry.npmjs.org/typescript/-/typescript-5.9.3.tgz",
      "integrity": "sha512-jl1vZzPDinLr9eUt3J/t7V6FgNEw9QjvBPdysz9KfQDD41fQrC2Y4vKQdiaUpFT4bXlb1RHhLpp8wtm6M5TgSw==",
      "dev": true,
      "license": "Apache-2.0",
      "bin": {
        "tsc": "bin/tsc",
        "tsserver": "bin/tsserver"
      },
      "engines": {
        "node": ">=14.17"
      }
    },
    "node_modules/undici-types": {
      "version": "7.18.2",
      "resolved": "https://registry.npmjs.org/undici-types/-/undici-types-7.18.2.tgz",
      "integrity": "sha512-AsuCzffGHJybSaRrmr5eHr81mwJU3kjw6M+uprWvCXiNeN9SOGwQ3Jn8jb8m3Z6izVgknn1R0FTCEAP2QrLY/w==",
      "dev": true,
      "license": "MIT"
    },
    "packages/protocol": {
      "name": "@clawchat/protocol",
      "version": "0.1.0"
    },
    "plugin": {
      "name": "@claw-os/clawchat",
      "version": "0.1.0",
      "license": "MIT",
      "dependencies": {
        "qrcode-terminal": "^0.12.0"
      },
      "bin": {
        "clawchat": "bin/clawchat.mjs"
      },
      "peerDependencies": {
        "openclaw": "*"
      }
    },
    "plugin/node_modules/openclaw": {
      "resolved": "../../github/openclaw",
      "link": true
    },
    "service": {
      "name": "@clawchat/service",
      "version": "0.1.0",
      "dependencies": {
        "@clawchat/protocol": "*",
        "hono": "^4"
      }
    }
  }
}
